
Microsoft Visual Studio Solution File, Format Version 12.00
# Visual Studio Version 17
VisualStudioVersion = 17.14.36221.1
MinimumVisualStudioVersion = 10.0.40219.1
Project("{FAE04EC0-301F-11D3-BF4B-00C04F79EFBC}") = "AniwalkServer", "AniwalkServer\AniwalkServer.csproj", "{792D585C-AA58-42D8-829D-FCFDF7098A8B}"
EndProject
Project("{FAE04EC0-301F-11D3-BF4B-00C04F79EFBC}") = "AniwalkServerDBFirstTest", "AniwalkServerDBFirstTest\AniwalkServerDBFirstTest.csproj", "{F1D79B54-71E2-4661-A79E-559D7D230964}"
EndProject
Project("{FAE04EC0-301F-11D3-BF4B-00C04F79EFBC}") = "AniwalkServer.Models", "AniwalkServer.Models\AniwalkServer.Models.csproj", "{F9848675-68B2-437C-867F-08CEC94F8E93}"
EndProject
Global
	GlobalSection(SolutionConfigurationPlatforms) = preSolution
		Debug|Any CPU = Debug|Any CPU
		Release|Any CPU = Release|Any CPU
	EndGlobalSection
	GlobalSection(ProjectConfigurationPlatforms) = postSolution
		{792D585C-AA58-42D8-829D-FCFDF7098A8B}.Debug|Any CPU.ActiveCfg = Debug|Any CPU
		{792D585C-AA58-42D8-829D-FCFDF7098A8B}.Debug|Any CPU.Build.0 = Debug|Any CPU
		{792D585C-AA58-42D8-829D-FCFDF7098A8B}.Release|Any CPU.ActiveCfg = Release|Any CPU
		{792D585C-AA58-42D8-829D-FCFDF7098A8B}.Release|Any CPU.Build.0 = Release|Any CPU
		{F1D79B54-71E2-4661-A79E-559D7D230964}.Debug|Any CPU.ActiveCfg = Debug|Any CPU
		{F1D79B54-71E2-4661-A79E-559D7D230964}.Debug|Any CPU.Build.0 = Debug|Any CPU
		{F1D79B54-71E2-4661-A79E-559D7D230964}.Release|Any CPU.ActiveCfg = Release|Any CPU
		{F1D79B54-71E2-4661-A79E-559D7D230964}.Release|Any CPU.Build.0 = Release|Any CPU
		{F9848675-68B2-437C-867F-08CEC94F8E93}.Debug|Any CPU.ActiveCfg = Debug|Any CPU
		{F9848675-68B2-437C-867F-08CEC94F8E93}.Debug|Any CPU.Build.0 = Debug|Any CPU
		{F9848675-68B2-437C-867F-08CEC94F8E93}.Release|Any CPU.ActiveCfg = Release|Any CPU
		{F9848675-68B2-437C-867F-08CEC94F8E93}.Release|Any CPU.Build.0 = Release|Any CPU
	EndGlobalSection
	GlobalSection(SolutionProperties) = preSolution
		HideSolutionNode = FALSE
	EndGlobalSection
	GlobalSection(ExtensibilityGlobals) = postSolution
		SolutionGuid = {422A03DC-F08E-4924-9386-BD09BF6975B7}
	EndGlobalSection
EndGlobal
